
Microsoft Visual Studio Solution File, Format Version 12.00
# Visual Studio Version 17
VisualStudioVersion = 17.11.35222.181
MinimumVisualStudioVersion = 10.0.40219.1
Project("{FAE04EC0-301F-11D3-BF4B-00C04F79EFBC}") = "Introduction.WebAPI", "Introduction.WebAPI\Introduction.WebAPI.csproj", "{A29CE4DB-728F-4047-8CE7-12A69771852A}"
EndProject
Global
	GlobalSection(SolutionConfigurationPlatforms) = preSolution
		Debug|Any CPU = Debug|Any CPU
		Release|Any CPU = Release|Any CPU
	EndGlobalSection
	GlobalSection(ProjectConfigurationPlatforms) = postSolution
		{A29CE4DB-728F-4047-8CE7-12A69771852A}.Debug|Any CPU.ActiveCfg = Debug|Any CPU
		{A29CE4DB-728F-4047-8CE7-12A69771852A}.Debug|Any CPU.Build.0 = Debug|Any CPU
		{A29CE4DB-728F-4047-8CE7-12A69771852A}.Release|Any CPU.ActiveCfg = Release|Any CPU
		{A29CE4DB-728F-4047-8CE7-12A69771852A}.Release|Any CPU.Build.0 = Release|Any CPU
	EndGlobalSection
	GlobalSection(SolutionProperties) = preSolution
		HideSolutionNode = FALSE
	EndGlobalSection
	GlobalSection(ExtensibilityGlobals) = postSolution
		SolutionGuid = {0DFA5408-EADE-475A-889F-6B413AD40667}
	EndGlobalSection
EndGlobal
